
Microsoft Visual Studio Solution File, Format Version 12.00
# Visual Studio Version 16
VisualStudioVersion = 16.0.31005.135
MinimumVisualStudioVersion = 10.0.40219.1
Project("{FAE04EC0-301F-11D3-BF4B-00C04F79EFBC}") = "Hangman", "Hangman\Hangman.csproj", "{CA2464FE-F2F3-4B2F-84CC-B18461858396}"
EndProject
Global
	GlobalSection(SolutionConfigurationPlatforms) = preSolution
		Debug|Any CPU = Debug|Any CPU
		Release|Any CPU = Release|Any CPU
	EndGlobalSection
	GlobalSection(ProjectConfigurationPlatforms) = postSolution
		{CA2464FE-F2F3-4B2F-84CC-B18461858396}.Debug|Any CPU.ActiveCfg = Debug|Any CPU
		{CA2464FE-F2F3-4B2F-84CC-B18461858396}.Debug|Any CPU.Build.0 = Debug|Any CPU
		{CA2464FE-F2F3-4B2F-84CC-B18461858396}.Release|Any CPU.ActiveCfg = Release|Any CPU
		{CA2464FE-F2F3-4B2F-84CC-B18461858396}.Release|Any CPU.Build.0 = Release|Any CPU
	EndGlobalSection
	GlobalSection(SolutionProperties) = preSolution
		HideSolutionNode = FALSE
	EndGlobalSection
	GlobalSection(ExtensibilityGlobals) = postSolution
		SolutionGuid = {D989E5DD-127C-43D9-928D-DC4F42C753D2}
	EndGlobalSection
EndGlobal
